// !$*UTF8*$!
{
	archiveVersion = 1;
	classes = {
	};
	objectVersion = 48;
	objects = {

/* Begin PBXBuildFile section */
		A66B8B4A206574790050D391 /* AddVC.swift in Sources */ = {isa = PBXBuildFile; fileRef = A66B8B49206574790050D391 /* AddVC.swift */; };
		A6A9AE3920659B7700055AC1 /* BeastedListTVC.swift in Sources */ = {isa = PBXBuildFile; fileRef = A6A9AE3820659B7700055AC1 /* BeastedListTVC.swift */; };
		A6AD8E562066F85300EA80B3 /* ChildOfAddVC.swift in Sources */ = {isa = PBXBuildFile; fileRef = A6AD8E552066F85300EA80B3 /* ChildOfAddVC.swift */; };
		A6D4B8142065809900425901 /* BeastListTVC.swift in Sources */ = {isa = PBXBuildFile; fileRef = A6D4B8132065809900425901 /* BeastListTVC.swift */; };
		A6D4B81620658C8C00425901 /* VerySpecialCell.swift in Sources */ = {isa = PBXBuildFile; fileRef = A6D4B81520658C8C00425901 /* VerySpecialCell.swift */; };
		A6DD5B642065E4BA00F07751 /* BeastModel.swift in Sources */ = {isa = PBXBuildFile; fileRef = A6DD5B632065E4BA00F07751 /* BeastModel.swift */; };
		A6E91F98206563A2004E5A3F /* AppDelegate.swift in Sources */ = {isa = PBXBuildFile; fileRef = A6E91F97206563A2004E5A3F /* AppDelegate.swift */; };
		A6E91F9D206563A2004E5A3F /* Main.storyboard in Resources */ = {isa = PBXBuildFile; fileRef = A6E91F9B206563A2004E5A3F /* Main.storyboard */; };
		A6E91FA0206563A2004E5A3F /* beast_list.xcdatamodeld in Sources */ = {isa = PBXBuildFile; fileRef = A6E91F9E206563A2004E5A3F /* beast_list.xcdatamodeld */; };
		A6E91FA2206563A2004E5A3F /* Assets.xcassets in Resources */ = {isa = PBXBuildFile; fileRef = A6E91FA1206563A2004E5A3F /* Assets.xcassets */; };
		A6E91FA5206563A2004E5A3F /* LaunchScreen.storyboard in Resources */ = {isa = PBXBuildFile; fileRef = A6E91FA3206563A2004E5A3F /* LaunchScreen.storyboard */; };
		A6E91FB0206563A2004E5A3F /* beast_listTests.swift in Sources */ = {isa = PBXBuildFile; fileRef = A6E91FAF206563A2004E5A3F /* beast_listTests.swift */; };
		A6E91FBB206563A2004E5A3F /* beast_listUITests.swift in Sources */ = {isa = PBXBuildFile; fileRef = A6E91FBA206563A2004E5A3F /* beast_listUITests.swift */; };
/* End PBXBuildFile section */

/* Begin PBXContainerItemProxy section */
		A6E91FAC206563A2004E5A3F /* PBXContainerItemProxy */ = {
			isa = PBXContainerItemProxy;
			containerPortal = A6E91F8C206563A2004E5A3F /* Project object */;
			proxyType = 1;
			remoteGlobalIDString = A6E91F93206563A2004E5A3F;
			remoteInfo = beast_list;
		};
		A6E91FB7206563A2004E5A3F /* PBXContainerItemProxy */ = {
			isa = PBXContainerItemProxy;
			containerPortal = A6E91F8C206563A2004E5A3F /* Project object */;
			proxyType = 1;
			remoteGlobalIDString = A6E91F93206563A2004E5A3F;
			remoteInfo = beast_list;
		};
/* End PBXContainerItemProxy section */

/* Begin PBXFileReference section */
		A66B8B49206574790050D391 /* AddVC.swift */ = {isa = PBXFileReference; lastKnownFileType = sourcecode.swift; path = AddVC.swift; sourceTree = "<group>"; };
		A6A9AE3820659B7700055AC1 /* BeastedListTVC.swift */ = {isa = PBXFileReference; lastKnownFileType = sourcecode.swift; path = BeastedListTVC.swift; sourceTree = "<group>"; };
		A6AD8E552066F85300EA80B3 /* ChildOfAddVC.swift */ = {isa = PBXFileReference; lastKnownFileType = sourcecode.swift; path = ChildOfAddVC.swift; sourceTree = "<group>"; };
		A6D4B8132065809900425901 /* BeastListTVC.swift */ = {isa = PBXFileReference; lastKnownFileType = sourcecode.swift; path = BeastListTVC.swift; sourceTree = "<group>"; };
		A6D4B81520658C8C00425901 /* VerySpecialCell.swift */ = {isa = PBXFileReference; lastKnownFileType = sourcecode.swift; path = VerySpecialCell.swift; sourceTree = "<group>"; };
		A6DD5B632065E4BA00F07751 /* BeastModel.swift */ = {isa = PBXFileReference; lastKnownFileType = sourcecode.swift; path = BeastModel.swift; sourceTree = "<group>"; };
		A6E91F94206563A2004E5A3F /* beast_list.app */ = {isa = PBXFileReference; explicitFileType = wrapper.application; includeInIndex = 0; path = beast_list.app; sourceTree = BUILT_PRODUCTS_DIR; };
		A6E91F97206563A2004E5A3F /* AppDelegate.swift */ = {isa = PBXFileReference; lastKnownFileType = sourcecode.swift; path = AppDelegate.swift; sourceTree = "<group>"; };
		A6E91F9C206563A2004E5A3F /* Base */ = {isa = PBXFileReference; lastKnownFileType = file.storyboard; name = Base; path = Base.lproj/Main.storyboard; sourceTree = "<group>"; };
		A6E91F9F206563A2004E5A3F /* beast_list.xcdatamodel */ = {isa = PBXFileReference; lastKnownFileType = wrapper.xcdatamodel; path = beast_list.xcdatamodel; sourceTree = "<group>"; };
		A6E91FA1206563A2004E5A3F /* Assets.xcassets */ = {isa = PBXFileReference; lastKnownFileType = folder.assetcatalog; path = Assets.xcassets; sourceTree = "<group>"; };
		A6E91FA4206563A2004E5A3F /* Base */ = {isa = PBXFileReference; lastKnownFileType = file.storyboard; name = Base; path = Base.lproj/LaunchScreen.storyboard; sourceTree = "<group>"; };
		A6E91FA6206563A2004E5A3F /* Info.plist */ = {isa = PBXFileReference; lastKnownFileType = text.plist.xml; path = Info.plist; sourceTree = "<group>"; };
		A6E91FAB206563A2004E5A3F /* beast_listTests.xctest */ = {isa = PBXFileReference; explicitFileType = wrapper.cfbundle; includeInIndex = 0; path = beast_listTests.xctest; sourceTree = BUILT_PRODUCTS_DIR; };
		A6E91FAF206563A2004E5A3F /* beast_listTests.swift */ = {isa = PBXFileReference; lastKnownFileType = sourcecode.swift; path = beast_listTests.swift; sourceTree = "<group>"; };
		A6E91FB1206563A2004E5A3F /* Info.plist */ = {isa = PBXFileReference; lastKnownFileType = text.plist.xml; path = Info.plist; sourceTree = "<group>"; };
		A6E91FB6206563A2004E5A3F /* beast_listUITests.xctest */ = {isa = PBXFileReference; explicitFileType = wrapper.cfbundle; includeInIndex = 0; path = beast_listUITests.xctest; sourceTree = BUILT_PRODUCTS_DIR; };
		A6E91FBA206563A2004E5A3F /* beast_listUITests.swift */ = {isa = PBXFileReference; lastKnownFileType = sourcecode.swift; path = beast_listUITests.swift; sourceTree = "<group>"; };
		A6E91FBC206563A2004E5A3F /* Info.plist */ = {isa = PBXFileReference; lastKnownFileType = text.plist.xml; path = Info.plist; sourceTree = "<group>"; };
/* End PBXFileReference section */

/* Begin PBXFrameworksBuildPhase section */
		A6E91F91206563A2004E5A3F /* Frameworks */ = {
			isa = PBXFrameworksBuildPhase;
			buildActionMask = 2147483647;
			files = (
			);
			runOnlyForDeploymentPostprocessing = 0;
		};
		A6E91FA8206563A2004E5A3F /* Frameworks */ = {
			isa = PBXFrameworksBuildPhase;
			buildActionMask = 2147483647;
			files = (
			);
			runOnlyForDeploymentPostprocessing = 0;
		};
		A6E91FB3206563A2004E5A3F /* Frameworks */ = {
			isa = PBXFrameworksBuildPhase;
			buildActionMask = 2147483647;
			files = (
			);
			runOnlyForDeploymentPostprocessing = 0;
		};
/* End PBXFrameworksBuildPhase section */

/* Begin PBXGroup section */
		A6E91F8B206563A2004E5A3F = {
			isa = PBXGroup;
			children = (
				A6E91F96206563A2004E5A3F /* beast_list */,
				A6E91FAE206563A2004E5A3F /* beast_listTests */,
				A6E91FB9206563A2004E5A3F /* beast_listUITests */,
				A6E91F95206563A2004E5A3F /* Products */,
			);
			sourceTree = "<group>";
		};
		A6E91F95206563A2004E5A3F /* Products */ = {
			isa = PBXGroup;
			children = (
				A6E91F94206563A2004E5A3F /* beast_list.app */,
				A6E91FAB206563A2004E5A3F /* beast_listTests.xctest */,
				A6E91FB6206563A2004E5A3F /* beast_listUITests.xctest */,
			);
			name = Products;
			sourceTree = "<group>";
		};
		A6E91F96206563A2004E5A3F /* beast_list */ = {
			isa = PBXGroup;
			children = (
				A6D4B8132065809900425901 /* BeastListTVC.swift */,
				A6A9AE3820659B7700055AC1 /* BeastedListTVC.swift */,
				A6DD5B632065E4BA00F07751 /* BeastModel.swift */,
				A66B8B49206574790050D391 /* AddVC.swift */,
				A6E91F97206563A2004E5A3F /* AppDelegate.swift */,
				A6E91F9B206563A2004E5A3F /* Main.storyboard */,
				A6AD8E552066F85300EA80B3 /* ChildOfAddVC.swift */,
				A6D4B81520658C8C00425901 /* VerySpecialCell.swift */,
				A6E91FA1206563A2004E5A3F /* Assets.xcassets */,
				A6E91FA3206563A2004E5A3F /* LaunchScreen.storyboard */,
				A6E91FA6206563A2004E5A3F /* Info.plist */,
				A6E91F9E206563A2004E5A3F /* beast_list.xcdatamodeld */,
			);
			path = beast_list;
			sourceTree = "<group>";
		};
		A6E91FAE206563A2004E5A3F /* beast_listTests */ = {
			isa = PBXGroup;
			children = (
				A6E91FAF206563A2004E5A3F /* beast_listTests.swift */,
				A6E91FB1206563A2004E5A3F /* Info.plist */,
			);
			path = beast_listTests;
			sourceTree = "<group>";
		};
		A6E91FB9206563A2004E5A3F /* beast_listUITests */ = {
			isa = PBXGroup;
			children = (
				A6E91FBA206563A2004E5A3F /* beast_listUITests.swift */,
				A6E91FBC206563A2004E5A3F /* Info.plist */,
			);
			path = beast_listUITests;
			sourceTree = "<group>";
		};
/* End PBXGroup section */

/* Begin PBXNativeTarget section */
		A6E91F93206563A2004E5A3F /* beast_list */ = {
			isa = PBXNativeTarget;
			buildConfigurationList = A6E91FBF206563A2004E5A3F /* Build configuration list for PBXNativeTarget "beast_list" */;
			buildPhases = (
				A6E91F90206563A2004E5A3F /* Sources */,
				A6E91F91206563A2004E5A3F /* Frameworks */,
				A6E91F92206563A2004E5A3F /* Resources */,
			);
			buildRules = (
			);
			dependencies = (
			);
			name = beast_list;
			productName = beast_list;
			productReference = A6E91F94206563A2004E5A3F /* beast_list.app */;
			productType = "com.apple.product-type.application";
		};
		A6E91FAA206563A2004E5A3F /* beast_listTests */ = {
			isa = PBXNativeTarget;
			buildConfigurationList = A6E91FC2206563A2004E5A3F /* Build configuration list for PBXNativeTarget "beast_listTests" */;
			buildPhases = (
				A6E91FA7206563A2004E5A3F /* Sources */,
				A6E91FA8206563A2004E5A3F /* Frameworks */,
				A6E91FA9206563A2004E5A3F /* Resources */,
			);
			buildRules = (
			);
			dependencies = (
				A6E91FAD206563A2004E5A3F /* PBXTargetDependency */,
			);
			name = beast_listTests;
			productName = beast_listTests;
			productReference = A6E91FAB206563A2004E5A3F /* beast_listTests.xctest */;
			productType = "com.apple.product-type.bundle.unit-test";
		};
		A6E91FB5206563A2004E5A3F /* beast_listUITests */ = {
			isa = PBXNativeTarget;
			buildConfigurationList = A6E91FC5206563A2004E5A3F /* Build configuration list for PBXNativeTarget "beast_listUITests" */;
			buildPhases = (
				A6E91FB2206563A2004E5A3F /* Sources */,
				A6E91FB3206563A2004E5A3F /* Frameworks */,
				A6E91FB4206563A2004E5A3F /* Resources */,
			);
			buildRules = (
			);
			dependencies = (
				A6E91FB8206563A2004E5A3F /* PBXTargetDependency */,
			);
			name = beast_listUITests;
			productName = beast_listUITests;
			productReference = A6E91FB6206563A2004E5A3F /* beast_listUITests.xctest */;
			productType = "com.apple.product-type.bundle.ui-testing";
		};
/* End PBXNativeTarget section */

/* Begin PBXProject section */
		A6E91F8C206563A2004E5A3F /* Project object */ = {
			isa = PBXProject;
			attributes = {
				LastSwiftUpdateCheck = 0920;
				LastUpgradeCheck = 0920;
				ORGANIZATIONNAME = "Ruslan Suvorov";
				TargetAttributes = {
					A6E91F93206563A2004E5A3F = {
						CreatedOnToolsVersion = 9.2;
						ProvisioningStyle = Automatic;
					};
					A6E91FAA206563A2004E5A3F = {
						CreatedOnToolsVersion = 9.2;
						ProvisioningStyle = Automatic;
						TestTargetID = A6E91F93206563A2004E5A3F;
					};
					A6E91FB5206563A2004E5A3F = {
						CreatedOnToolsVersion = 9.2;
						ProvisioningStyle = Automatic;
						TestTargetID = A6E91F93206563A2004E5A3F;
					};
				};
			};
			buildConfigurationList = A6E91F8F206563A2004E5A3F /* Build configuration list for PBXProject "beast_list" */;
			compatibilityVersion = "Xcode 8.0";
			developmentRegion = en;
			hasScannedForEncodings = 0;
			knownRegions = (
				en,
				Base,
			);
			mainGroup = A6E91F8B206563A2004E5A3F;
			productRefGroup = A6E91F95206563A2004E5A3F /* Products */;
			projectDirPath = "";
			projectRoot = "";
			targets = (
				A6E91F93206563A2004E5A3F /* beast_list */,
				A6E91FAA206563A2004E5A3F /* beast_listTests */,
				A6E91FB5206563A2004E5A3F /* beast_listUITests */,
			);
		};
/* End PBXProject section */

/* Begin PBXResourcesBuildPhase section */
		A6E91F92206563A2004E5A3F /* Resources */ = {
			isa = PBXResourcesBuildPhase;
			buildActionMask = 2147483647;
			files = (
				A6E91FA5206563A2004E5A3F /* LaunchScreen.storyboard in Resources */,
				A6E91FA2206563A2004E5A3F /* Assets.xcassets in Resources */,
				A6E91F9D206563A2004E5A3F /* Main.storyboard in Resources */,
			);
			runOnlyForDeploymentPostprocessing = 0;
		};
		A6E91FA9206563A2004E5A3F /* Resources */ = {
			isa = PBXResourcesBuildPhase;
			buildActionMask = 2147483647;
			files = (
			);
			runOnlyForDeploymentPostprocessing = 0;
		};
		A6E91FB4206563A2004E5A3F /* Resources */ = {
			isa = PBXResourcesBuildPhase;
			buildActionMask = 2147483647;
			files = (
			);
			runOnlyForDeploymentPostprocessing = 0;
		};
/* End PBXResourcesBuildPhase section */

/* Begin PBXSourcesBuildPhase section */
		A6E91F90206563A2004E5A3F /* Sources */ = {
			isa = PBXSourcesBuildPhase;
			buildActionMask = 2147483647;
			files = (
				A6AD8E562066F85300EA80B3 /* ChildOfAddVC.swift in Sources */,
				A6D4B8142065809900425901 /* BeastListTVC.swift in Sources */,
				A6DD5B642065E4BA00F07751 /* BeastModel.swift in Sources */,
				A66B8B4A206574790050D391 /* AddVC.swift in Sources */,
				A6E91FA0206563A2004E5A3F /* beast_list.xcdatamodeld in Sources */,
				A6A9AE3920659B7700055AC1 /* BeastedListTVC.swift in Sources */,
				A6E91F98206563A2004E5A3F /* AppDelegate.swift in Sources */,
				A6D4B81620658C8C00425901 /* VerySpecialCell.swift in Sources */,
			);
			runOnlyForDeploymentPostprocessing = 0;
		};
		A6E91FA7206563A2004E5A3F /* Sources */ = {
			isa = PBXSourcesBuildPhase;
			buildActionMask = 2147483647;
			files = (
				A6E91FB0206563A2004E5A3F /* beast_listTests.swift in Sources */,
			);
			runOnlyForDeploymentPostprocessing = 0;
		};
		A6E91FB2206563A2004E5A3F /* Sources */ = {
			isa = PBXSourcesBuildPhase;
			buildActionMask = 2147483647;
			files = (
				A6E91FBB206563A2004E5A3F /* beast_listUITests.swift in Sources */,
			);
			runOnlyForDeploymentPostprocessing = 0;
		};
/* End PBXSourcesBuildPhase section */

/* Begin PBXTargetDependency section */
		A6E91FAD206563A2004E5A3F /* PBXTargetDependency */ = {
			isa = PBXTargetDependency;
			target = A6E91F93206563A2004E5A3F /* beast_list */;
			targetProxy = A6E91FAC206563A2004E5A3F /* PBXContainerItemProxy */;
		};
		A6E91FB8206563A2004E5A3F /* PBXTargetDependency */ = {
			isa = PBXTargetDependency;
			target = A6E91F93206563A2004E5A3F /* beast_list */;
			targetProxy = A6E91FB7206563A2004E5A3F /* PBXContainerItemProxy */;
		};
/* End PBXTargetDependency section */

/* Begin PBXVariantGroup section */
		A6E91F9B206563A2004E5A3F /* Main.storyboard */ = {
			isa = PBXVariantGroup;
			children = (
				A6E91F9C206563A2004E5A3F /* Base */,
			);
			name = Main.storyboard;
			sourceTree = "<group>";
		};
		A6E91FA3206563A2004E5A3F /* LaunchScreen.storyboard */ = {
			isa = PBXVariantGroup;
			children = (
				A6E91FA4206563A2004E5A3F /* Base */,
			);
			name = LaunchScreen.storyboard;
			sourceTree = "<group>";
		};
/* End PBXVariantGroup section */

/* Begin XCBuildConfiguration section */
		A6E91FBD206563A2004E5A3F /* Debug */ = {
			isa = XCBuildConfiguration;
			buildSettings = {
				ALWAYS_SEARCH_USER_PATHS = NO;
				CLANG_ANALYZER_NONNULL = YES;
				CLANG_ANALYZER_NUMBER_OBJECT_CONVERSION = YES_AGGRESSIVE;
				CLANG_CXX_LANGUAGE_STANDARD = "gnu++14";
				CLANG_CXX_LIBRARY = "libc++";
				CLANG_ENABLE_MODULES = YES;
				CLANG_ENABLE_OBJC_ARC = YES;
				CLANG_WARN_BLOCK_CAPTURE_AUTORELEASING = YES;
				CLANG_WARN_BOOL_CONVERSION = YES;
				CLANG_WARN_COMMA = YES;
				CLANG_WARN_CONSTANT_CONVERSION = YES;
				CLANG_WARN_DIRECT_OBJC_ISA_USAGE = YES_ERROR;
				CLANG_WARN_DOCUMENTATION_COMMENTS = YES;
				CLANG_WARN_EMPTY_BODY = YES;
				CLANG_WARN_ENUM_CONVERSION = YES;
				CLANG_WARN_INFINITE_RECURSION = YES;
				CLANG_WARN_INT_CONVERSION = YES;
				CLANG_WARN_NON_LITERAL_NULL_CONVERSION = YES;
				CLANG_WARN_OBJC_LITERAL_CONVERSION = YES;
				CLANG_WARN_OBJC_ROOT_CLASS = YES_ERROR;
				CLANG_WARN_RANGE_LOOP_ANALYSIS = YES;
				CLANG_WARN_STRICT_PROTOTYPES = YES;
				CLANG_WARN_SUSPICIOUS_MOVE = YES;
				CLANG_WARN_UNGUARDED_AVAILABILITY = YES_AGGRESSIVE;
				CLANG_WARN_UNREACHABLE_CODE = YES;
				CLANG_WARN__DUPLICATE_METHOD_MATCH = YES;
				CODE_SIGN_IDENTITY = "iPhone Developer";
				COPY_PHASE_STRIP = NO;
				DEBUG_INFORMATION_FORMAT = dwarf;
				ENABLE_STRICT_OBJC_MSGSEND = YES;
				ENABLE_TESTABILITY = YES;
				GCC_C_LANGUAGE_STANDARD = gnu11;
				GCC_DYNAMIC_NO_PIC = NO;
				GCC_NO_COMMON_BLOCKS = YES;
				GCC_OPTIMIZATION_LEVEL = 0;
				GCC_PREPROCESSOR_DEFINITIONS = (
					"DEBUG=1",
					"$(inherited)",
				);
				GCC_WARN_64_TO_32_BIT_CONVERSION = YES;
				GCC_WARN_ABOUT_RETURN_TYPE = YES_ERROR;
				GCC_WARN_UNDECLARED_SELECTOR = YES;
				GCC_WARN_UNINITIALIZED_AUTOS = YES_AGGRESSIVE;
				GCC_WARN_UNUSED_FUNCTION = YES;
				GCC_WARN_UNUSED_VARIABLE = YES;
				IPHONEOS_DEPLOYMENT_TARGET = 11.2;
				MTL_ENABLE_DEBUG_INFO = YES;
				ONLY_ACTIVE_ARCH = YES;
				SDKROOT = iphoneos;
				SWIFT_ACTIVE_COMPILATION_CONDITIONS = DEBUG;
				SWIFT_OPTIMIZATION_LEVEL = "-Onone";
			};
			name = Debug;
		};
		A6E91FBE206563A2004E5A3F /* Release */ = {
			isa = XCBuildConfiguration;
			buildSettings = {
				ALWAYS_SEARCH_USER_PATHS = NO;
				CLANG_ANALYZER_NONNULL = YES;
				CLANG_ANALYZER_NUMBER_OBJECT_CONVERSION = YES_AGGRESSIVE;
				CLANG_CXX_LANGUAGE_STANDARD = "gnu++14";
				CLANG_CXX_LIBRARY = "libc++";
				CLANG_ENABLE_MODULES = YES;
				CLANG_ENABLE_OBJC_ARC = YES;
				CLANG_WARN_BLOCK_CAPTURE_AUTORELEASING = YES;
				CLANG_WARN_BOOL_CONVERSION = YES;
				CLANG_WARN_COMMA = YES;
				CLANG_WARN_CONSTANT_CONVERSION = YES;
				CLANG_WARN_DIRECT_OBJC_ISA_USAGE = YES_ERROR;
				CLANG_WARN_DOCUMENTATION_COMMENTS = YES;
				CLANG_WARN_EMPTY_BODY = YES;
				CLANG_WARN_ENUM_CONVERSION = YES;
				CLANG_WARN_INFINITE_RECURSION = YES;
				CLANG_WARN_INT_CONVERSION = YES;
				CLANG_WARN_NON_LITERAL_NULL_CONVERSION = YES;
				CLANG_WARN_OBJC_LITERAL_CONVERSION = YES;
				CLANG_WARN_OBJC_ROOT_CLASS = YES_ERROR;
				CLANG_WARN_RANGE_LOOP_ANALYSIS = YES;
				CLANG_WARN_STRICT_PROTOTYPES = YES;
				CLANG_WARN_SUSPICIOUS_MOVE = YES;
				CLANG_WARN_UNGUARDED_AVAILABILITY = YES_AGGRESSIVE;
				CLANG_WARN_UNREACHABLE_CODE = YES;
				CLANG_WARN__DUPLICATE_METHOD_MATCH = YES;
				CODE_SIGN_IDENTITY = "iPhone Developer";
				COPY_PHASE_STRIP = NO;
				DEBUG_INFORMATION_FORMAT = "dwarf-with-dsym";
				ENABLE_NS_ASSERTIONS = NO;
				ENABLE_STRICT_OBJC_MSGSEND = YES;
				GCC_C_LANGUAGE_STANDARD = gnu11;
				GCC_NO_COMMON_BLOCKS = YES;
				GCC_WARN_64_TO_32_BIT_CONVERSION = YES;
				GCC_WARN_ABOUT_RETURN_TYPE = YES_ERROR;
				GCC_WARN_UNDECLARED_SELECTOR = YES;
				GCC_WARN_UNINITIALIZED_AUTOS = YES_AGGRESSIVE;
				GCC_WARN_UNUSED_FUNCTION = YES;
				GCC_WARN_UNUSED_VARIABLE = YES;
				IPHONEOS_DEPLOYMENT_TARGET = 11.2;
				MTL_ENABLE_DEBUG_INFO = NO;
				SDKROOT = iphoneos;
				SWIFT_OPTIMIZATION_LEVEL = "-Owholemodule";
				VALIDATE_PRODUCT = YES;
			};
			name = Release;
		};
		A6E91FC0206563A2004E5A3F /* Debug */ = {
			isa = XCBuildConfiguration;
			buildSettings = {
				ASSETCATALOG_COMPILER_APPICON_NAME = AppIcon;
				CODE_SIGN_STYLE = Automatic;
				DEVELOPMENT_TEAM = 4LCWFZ2JA9;
				INFOPLIST_FILE = beast_list/Info.plist;
				LD_RUNPATH_SEARCH_PATHS = "$(inherited) @executable_path/Frameworks";
				PRODUCT_BUNDLE_IDENTIFIER = "none.beast-list";
				PRODUCT_NAME = "$(TARGET_NAME)";
				SWIFT_VERSION = 4.0;
				TARGETED_DEVICE_FAMILY = "1,2";
			};
			name = Debug;
		};
		A6E91FC1206563A2004E5A3F /* Release */ = {
			isa = XCBuildConfiguration;
			buildSettings = {
				ASSETCATALOG_COMPILER_APPICON_NAME = AppIcon;
				CODE_SIGN_STYLE = Automatic;
				DEVELOPMENT_TEAM = 4LCWFZ2JA9;
				INFOPLIST_FILE = beast_list/Info.plist;
				LD_RUNPATH_SEARCH_PATHS = "$(inherited) @executable_path/Frameworks";
				PRODUCT_BUNDLE_IDENTIFIER = "none.beast-list";
				PRODUCT_NAME = "$(TARGET_NAME)";
				SWIFT_VERSION = 4.0;
				TARGETED_DEVICE_FAMILY = "1,2";
			};
			name = Release;
		};
		A6E91FC3206563A2004E5A3F /* Debug */ = {
			isa = XCBuildConfiguration;
			buildSettings = {
				ALWAYS_EMBED_SWIFT_STANDARD_LIBRARIES = YES;
				BUNDLE_LOADER = "$(TEST_HOST)";
				CODE_SIGN_STYLE = Automatic;
				DEVELOPMENT_TEAM = 4LCWFZ2JA9;
				INFOPLIST_FILE = beast_listTests/Info.plist;
				LD_RUNPATH_SEARCH_PATHS = "$(inherited) @executable_path/Frameworks @loader_path/Frameworks";
				PRODUCT_BUNDLE_IDENTIFIER = "none.beast-listTests";
				PRODUCT_NAME = "$(TARGET_NAME)";
				SWIFT_VERSION = 4.0;
				TARGETED_DEVICE_FAMILY = "1,2";
				TEST_HOST = "$(BUILT_PRODUCTS_DIR)/beast_list.app/beast_list";
			};
			name = Debug;
		};
		A6E91FC4206563A2004E5A3F /* Release */ = {
			isa = XCBuildConfiguration;
			buildSettings = {
				ALWAYS_EMBED_SWIFT_STANDARD_LIBRARIES = YES;
				BUNDLE_LOADER = "$(TEST_HOST)";
				CODE_SIGN_STYLE = Automatic;
				DEVELOPMENT_TEAM = 4LCWFZ2JA9;
				INFOPLIST_FILE = beast_listTests/Info.plist;
				LD_RUNPATH_SEARCH_PATHS = "$(inherited) @executable_path/Frameworks @loader_path/Frameworks";
				PRODUCT_BUNDLE_IDENTIFIER = "none.beast-listTests";
				PRODUCT_NAME = "$(TARGET_NAME)";
				SWIFT_VERSION = 4.0;
				TARGETED_DEVICE_FAMILY = "1,2";
				TEST_HOST = "$(BUILT_PRODUCTS_DIR)/beast_list.app/beast_list";
			};
			name = Release;
		};
		A6E91FC6206563A2004E5A3F /* Debug */ = {
			isa = XCBuildConfiguration;
			buildSettings = {
				ALWAYS_EMBED_SWIFT_STANDARD_LIBRARIES = YES;
				CODE_SIGN_STYLE = Automatic;
				DEVELOPMENT_TEAM = 4LCWFZ2JA9;
				INFOPLIST_FILE = beast_listUITests/Info.plist;
				LD_RUNPATH_SEARCH_PATHS = "$(inherited) @executable_path/Frameworks @loader_path/Frameworks";
				PRODUCT_BUNDLE_IDENTIFIER = "none.beast-listUITests";
				PRODUCT_NAME = "$(TARGET_NAME)";
				SWIFT_VERSION = 4.0;
				TARGETED_DEVICE_FAMILY = "1,2";
				TEST_TARGET_NAME = beast_list;
			};
			name = Debug;
		};
		A6E91FC7206563A2004E5A3F /* Release */ = {
			isa = XCBuildConfiguration;
			buildSettings = {
				ALWAYS_EMBED_SWIFT_STANDARD_LIBRARIES = YES;
				CODE_SIGN_STYLE = Automatic;
				DEVELOPMENT_TEAM = 4LCWFZ2JA9;
				INFOPLIST_FILE = beast_listUITests/Info.plist;
				LD_RUNPATH_SEARCH_PATHS = "$(inherited) @executable_path/Frameworks @loader_path/Frameworks";
				PRODUCT_BUNDLE_IDENTIFIER = "none.beast-listUITests";
				PRODUCT_NAME = "$(TARGET_NAME)";
				SWIFT_VERSION = 4.0;
				TARGETED_DEVICE_FAMILY = "1,2";
				TEST_TARGET_NAME = beast_list;
			};
			name = Release;
		};
/* End XCBuildConfiguration section */

/* Begin XCConfigurationList section */
		A6E91F8F206563A2004E5A3F /* Build configuration list for PBXProject "beast_list" */ = {
			isa = XCConfigurationList;
			buildConfigurations = (
				A6E91FBD206563A2004E5A3F /* Debug */,
				A6E91FBE206563A2004E5A3F /* Release */,
			);
			defaultConfigurationIsVisible = 0;
			defaultConfigurationName = Release;
		};
		A6E91FBF206563A2004E5A3F /* Build configuration list for PBXNativeTarget "beast_list" */ = {
			isa = XCConfigurationList;
			buildConfigurations = (
				A6E91FC0206563A2004E5A3F /* Debug */,
				A6E91FC1206563A2004E5A3F /* Release */,
			);
			defaultConfigurationIsVisible = 0;
			defaultConfigurationName = Release;
		};
		A6E91FC2206563A2004E5A3F /* Build configuration list for PBXNativeTarget "beast_listTests" */ = {
			isa = XCConfigurationList;
			buildConfigurations = (
				A6E91FC3206563A2004E5A3F /* Debug */,
				A6E91FC4206563A2004E5A3F /* Release */,
			);
			defaultConfigurationIsVisible = 0;
			defaultConfigurationName = Release;
		};
		A6E91FC5206563A2004E5A3F /* Build configuration list for PBXNativeTarget "beast_listUITests" */ = {
			isa = XCConfigurationList;
			buildConfigurations = (
				A6E91FC6206563A2004E5A3F /* Debug */,
				A6E91FC7206563A2004E5A3F /* Release */,
			);
			defaultConfigurationIsVisible = 0;
			defaultConfigurationName = Release;
		};
/* End XCConfigurationList section */

/* Begin XCVersionGroup section */
		A6E91F9E206563A2004E5A3F /* beast_list.xcdatamodeld */ = {
			isa = XCVersionGroup;
			children = (
				A6E91F9F206563A2004E5A3F /* beast_list.xcdatamodel */,
			);
			currentVersion = A6E91F9F206563A2004E5A3F /* beast_list.xcdatamodel */;
			path = beast_list.xcdatamodeld;
			sourceTree = "<group>";
			versionGroupType = wrapper.xcdatamodel;
		};
/* End XCVersionGroup section */
	};
	rootObject = A6E91F8C206563A2004E5A3F /* Project object */;
}
